{
    "_readme": [
        "This file locks the dependencies of your project to a known state",
        "Read more about it at https://getcomposer.org/doc/01-basic-usage.md#installing-dependencies",
        "This file is @generated automatically"
    ],
    "content-hash": "96f5e779398a4aaa577a3b545c3a0bd3",
    "packages": [
        {
            "name": "spackleso/spackle-php",
            "version": "0.0.5",
            "source": {
                "type": "git",
                "url": "https://github.com/spackleso/spackle-php.git",
                "reference": "b358ca3f73f41689ead57ff48604a3574df9c743"
            },
            "dist": {
                "type": "zip",
                "url": "https://api.github.com/repos/spackleso/spackle-php/zipball/b358ca3f73f41689ead57ff48604a3574df9c743",
                "reference": "b358ca3f73f41689ead57ff48604a3574df9c743",
                "shasum": ""
            },
            "require": {
                "stripe/stripe-php": "^10.12"
            },
            "require-dev": {
                "phpunit/phpunit": "^10.0"
            },
            "type": "library",
            "autoload": {
                "psr-4": {
                    "Spackle\\": "src/"
                }
            },
            "notification-url": "https://packagist.org/downloads/",
            "license": [
                "MIT"
            ],
            "authors": [
                {
                    "name": "Hunter Clarke",
                    "email": "hunter@spackle.so"
                }
            ],
            "description": "Spackle is the easiest way to integrate your PHP app with Stripe Billing. See https://www.spackle.so for details.",
            "support": {
                "issues": "https://github.com/spackleso/spackle-php/issues",
                "source": "https://github.com/spackleso/spackle-php/tree/0.0.5"
            },
            "time": "2023-07-25T22:13:33+00:00"
        },
        {
            "name": "stripe/stripe-php",
            "version": "v10.18.0",
            "source": {
                "type": "git",
                "url": "https://github.com/stripe/stripe-php.git",
                "reference": "c32549e443a619d1b885b99d624568ecae82d6a0"
            },
            "dist": {
                "type": "zip",
                "url": "https://api.github.com/repos/stripe/stripe-php/zipball/c32549e443a619d1b885b99d624568ecae82d6a0",
                "reference": "c32549e443a619d1b885b99d624568ecae82d6a0",
                "shasum": ""
            },
            "require": {
                "ext-curl": "*",
                "ext-json": "*",
                "ext-mbstring": "*",
                "php": ">=5.6.0"
            },
            "require-dev": {
                "friendsofphp/php-cs-fixer": "3.5.0",
                "php-coveralls/php-coveralls": "^2.5",
                "phpstan/phpstan": "^1.2",
                "phpunit/phpunit": "^5.7 || ^9.0",
                "squizlabs/php_codesniffer": "^3.3"
            },
            "type": "library",
            "extra": {
                "branch-alias": {
                    "dev-master": "2.0-dev"
                }
            },
            "autoload": {
                "psr-4": {
                    "Stripe\\": "lib/"
                }
            },
            "notification-url": "https://packagist.org/downloads/",
            "license": [
                "MIT"
            ],
            "authors": [
                {
                    "name": "Stripe and contributors",
                    "homepage": "https://github.com/stripe/stripe-php/contributors"
                }
            ],
            "description": "Stripe PHP Library",
            "homepage": "https://stripe.com/",
            "keywords": [
                "api",
                "payment processing",
                "stripe"
            ],
            "support": {
                "issues": "https://github.com/stripe/stripe-php/issues",
                "source": "https://github.com/stripe/stripe-php/tree/v10.18.0"
            },
            "time": "2023-07-20T16:59:49+00:00"
        }
    ],
    "packages-dev": [],
    "aliases": [],
    "minimum-stability": "stable",
    "stability-flags": [],
    "prefer-stable": false,
    "prefer-lowest": false,
    "platform": [],
    "platform-dev": [],
    "plugin-api-version": "2.3.0"
}
